
Microsoft Visual Studio Solution File, Format Version 12.00
# Visual Studio 15
VisualStudioVersion = 15.0.27004.2005
MinimumVisualStudioVersion = 10.0.40219.1
Project("{9A19103F-16F7-4668-BE54-9A1E7A4F7556}") = "NFine.Code", "NFine.Core\NFine.Code.csproj", "{A97B7AD8-ED7E-4F56-9769-AF7744F59BE3}"
EndProject
Project("{2150E333-8FDC-42A3-9474-1A3956D46DE8}") = "01 Common 基础结构层", "01 Common 基础结构层", "{79A56630-F32B-4A1B-9708-5EB65BC39BE6}"
EndProject
Project("{9A19103F-16F7-4668-BE54-9A1E7A4F7556}") = "NFine.Data", "NFine.Data\NFine.Data.csproj", "{76BE6D3C-D6C8-4C4B-971B-956942DE7410}"
EndProject
Project("{2150E333-8FDC-42A3-9474-1A3956D46DE8}") = "02 Domain 应用服务层", "02 Domain 应用服务层", "{256363DC-A54F-429C-81BE-DBAF08C7039A}"
EndProject
Project("{2150E333-8FDC-42A3-9474-1A3956D46DE8}") = "03 Web 应用程序", "03 Web 应用程序", "{28AEFC5F-3B5C-48D2-8F41-FE4D9F723913}"
EndProject
Project("{9A19103F-16F7-4668-BE54-9A1E7A4F7556}") = "NFine.Mapping", "NFine.Mapping\NFine.Mapping.csproj", "{8C70E134-67B6-4AA5-85E6-629132632C38}"
EndProject
Project("{9A19103F-16F7-4668-BE54-9A1E7A4F7556}") = "NFine.Application", "NFine.Application\NFine.Application.csproj", "{89B7790C-F881-4F17-8A40-4BCE385B3177}"
EndProject
Project("{9A19103F-16F7-4668-BE54-9A1E7A4F7556}") = "NFine.Domain", "NFine.Domain\NFine.Domain.csproj", "{26E8543B-4BAB-4E4D-B5F5-382A065AB7D2}"
EndProject
Project("{9A19103F-16F7-4668-BE54-9A1E7A4F7556}") = "NFine.Repository", "NFine.Repository\NFine.Repository.csproj", "{70D7949A-202C-48D0-AE36-D353EB48004E}"
EndProject
Project("{2150E333-8FDC-42A3-9474-1A3956D46DE8}") = "04 Testing 单元测试", "04 Testing 单元测试", "{B367094D-292E-436D-810A-084FE82EF107}"
EndProject
Project("{9A19103F-16F7-4668-BE54-9A1E7A4F7556}") = "NFine.XUnitTesting", "NFine.XUnitTesting\NFine.XUnitTesting.csproj", "{BC06312F-CE33-48D8-99D6-C4D2E9046B8C}"
EndProject
Project("{9A19103F-16F7-4668-BE54-9A1E7A4F7556}") = "NFine.Web", "NFine.Web\NFine.Web.csproj", "{21F50A80-BFDA-42F7-AD5C-FEB0BA83DFC0}"
EndProject
Global
	GlobalSection(SolutionConfigurationPlatforms) = preSolution
		Debug|Any CPU = Debug|Any CPU
		Release|Any CPU = Release|Any CPU
	EndGlobalSection
	GlobalSection(ProjectConfigurationPlatforms) = postSolution
		{A97B7AD8-ED7E-4F56-9769-AF7744F59BE3}.Debug|Any CPU.ActiveCfg = Debug|Any CPU
		{A97B7AD8-ED7E-4F56-9769-AF7744F59BE3}.Debug|Any CPU.Build.0 = Debug|Any CPU
		{A97B7AD8-ED7E-4F56-9769-AF7744F59BE3}.Release|Any CPU.ActiveCfg = Release|Any CPU
		{A97B7AD8-ED7E-4F56-9769-AF7744F59BE3}.Release|Any CPU.Build.0 = Release|Any CPU
		{76BE6D3C-D6C8-4C4B-971B-956942DE7410}.Debug|Any CPU.ActiveCfg = Debug|Any CPU
		{76BE6D3C-D6C8-4C4B-971B-956942DE7410}.Debug|Any CPU.Build.0 = Debug|Any CPU
		{76BE6D3C-D6C8-4C4B-971B-956942DE7410}.Release|Any CPU.ActiveCfg = Release|Any CPU
		{76BE6D3C-D6C8-4C4B-971B-956942DE7410}.Release|Any CPU.Build.0 = Release|Any CPU
		{8C70E134-67B6-4AA5-85E6-629132632C38}.Debug|Any CPU.ActiveCfg = Debug|Any CPU
		{8C70E134-67B6-4AA5-85E6-629132632C38}.Debug|Any CPU.Build.0 = Debug|Any CPU
		{8C70E134-67B6-4AA5-85E6-629132632C38}.Release|Any CPU.ActiveCfg = Release|Any CPU
		{8C70E134-67B6-4AA5-85E6-629132632C38}.Release|Any CPU.Build.0 = Release|Any CPU
		{89B7790C-F881-4F17-8A40-4BCE385B3177}.Debug|Any CPU.ActiveCfg = Debug|Any CPU
		{89B7790C-F881-4F17-8A40-4BCE385B3177}.Debug|Any CPU.Build.0 = Debug|Any CPU
		{89B7790C-F881-4F17-8A40-4BCE385B3177}.Release|Any CPU.ActiveCfg = Release|Any CPU
		{89B7790C-F881-4F17-8A40-4BCE385B3177}.Release|Any CPU.Build.0 = Release|Any CPU
		{26E8543B-4BAB-4E4D-B5F5-382A065AB7D2}.Debug|Any CPU.ActiveCfg = Debug|Any CPU
		{26E8543B-4BAB-4E4D-B5F5-382A065AB7D2}.Debug|Any CPU.Build.0 = Debug|Any CPU
		{26E8543B-4BAB-4E4D-B5F5-382A065AB7D2}.Release|Any CPU.ActiveCfg = Release|Any CPU
		{26E8543B-4BAB-4E4D-B5F5-382A065AB7D2}.Release|Any CPU.Build.0 = Release|Any CPU
		{70D7949A-202C-48D0-AE36-D353EB48004E}.Debug|Any CPU.ActiveCfg = Debug|Any CPU
		{70D7949A-202C-48D0-AE36-D353EB48004E}.Debug|Any CPU.Build.0 = Debug|Any CPU
		{70D7949A-202C-48D0-AE36-D353EB48004E}.Release|Any CPU.ActiveCfg = Release|Any CPU
		{70D7949A-202C-48D0-AE36-D353EB48004E}.Release|Any CPU.Build.0 = Release|Any CPU
		{BC06312F-CE33-48D8-99D6-C4D2E9046B8C}.Debug|Any CPU.ActiveCfg = Debug|Any CPU
		{BC06312F-CE33-48D8-99D6-C4D2E9046B8C}.Debug|Any CPU.Build.0 = Debug|Any CPU
		{BC06312F-CE33-48D8-99D6-C4D2E9046B8C}.Release|Any CPU.ActiveCfg = Release|Any CPU
		{BC06312F-CE33-48D8-99D6-C4D2E9046B8C}.Release|Any CPU.Build.0 = Release|Any CPU
		{21F50A80-BFDA-42F7-AD5C-FEB0BA83DFC0}.Debug|Any CPU.ActiveCfg = Debug|Any CPU
		{21F50A80-BFDA-42F7-AD5C-FEB0BA83DFC0}.Debug|Any CPU.Build.0 = Debug|Any CPU
		{21F50A80-BFDA-42F7-AD5C-FEB0BA83DFC0}.Release|Any CPU.ActiveCfg = Release|Any CPU
		{21F50A80-BFDA-42F7-AD5C-FEB0BA83DFC0}.Release|Any CPU.Build.0 = Release|Any CPU
	EndGlobalSection
	GlobalSection(SolutionProperties) = preSolution
		HideSolutionNode = FALSE
	EndGlobalSection
	GlobalSection(NestedProjects) = preSolution
		{A97B7AD8-ED7E-4F56-9769-AF7744F59BE3} = {79A56630-F32B-4A1B-9708-5EB65BC39BE6}
		{76BE6D3C-D6C8-4C4B-971B-956942DE7410} = {79A56630-F32B-4A1B-9708-5EB65BC39BE6}
		{8C70E134-67B6-4AA5-85E6-629132632C38} = {256363DC-A54F-429C-81BE-DBAF08C7039A}
		{89B7790C-F881-4F17-8A40-4BCE385B3177} = {256363DC-A54F-429C-81BE-DBAF08C7039A}
		{26E8543B-4BAB-4E4D-B5F5-382A065AB7D2} = {256363DC-A54F-429C-81BE-DBAF08C7039A}
		{70D7949A-202C-48D0-AE36-D353EB48004E} = {256363DC-A54F-429C-81BE-DBAF08C7039A}
		{BC06312F-CE33-48D8-99D6-C4D2E9046B8C} = {B367094D-292E-436D-810A-084FE82EF107}
		{21F50A80-BFDA-42F7-AD5C-FEB0BA83DFC0} = {28AEFC5F-3B5C-48D2-8F41-FE4D9F723913}
	EndGlobalSection
	GlobalSection(ExtensibilityGlobals) = postSolution
		SolutionGuid = {8A41ADC6-45B7-420B-90C3-D2228CC6D5B3}
	EndGlobalSection
EndGlobal
